// !$*UTF8*$!
{
	archiveVersion = 1;
	classes = {
	};
	objectVersion = 50;
	objects = {

/* Begin PBXBuildFile section */
		63D2BF18248FA55800C461F5 /* AppDelegate.swift in Sources */ = {isa = PBXBuildFile; fileRef = 63D2BF17248FA55800C461F5 /* AppDelegate.swift */; };
		63D2BF1A248FA55800C461F5 /* SceneDelegate.swift in Sources */ = {isa = PBXBuildFile; fileRef = 63D2BF19248FA55800C461F5 /* SceneDelegate.swift */; };
		63D2BF1C248FA55800C461F5 /* ViewController.swift in Sources */ = {isa = PBXBuildFile; fileRef = 63D2BF1B248FA55800C461F5 /* ViewController.swift */; };
		63D2BF1F248FA55800C461F5 /* Main.storyboard in Resources */ = {isa = PBXBuildFile; fileRef = 63D2BF1D248FA55800C461F5 /* Main.storyboard */; };
		63D2BF22248FA55800C461F5 /* delet.xcdatamodeld in Sources */ = {isa = PBXBuildFile; fileRef = 63D2BF20248FA55800C461F5 /* delet.xcdatamodeld */; };
		63D2BF24248FA55900C461F5 /* Assets.xcassets in Resources */ = {isa = PBXBuildFile; fileRef = 63D2BF23248FA55900C461F5 /* Assets.xcassets */; };
		63D2BF27248FA55900C461F5 /* LaunchScreen.storyboard in Resources */ = {isa = PBXBuildFile; fileRef = 63D2BF25248FA55900C461F5 /* LaunchScreen.storyboard */; };
/* End PBXBuildFile section */

/* Begin PBXFileReference section */
		63D2BF14248FA55800C461F5 /* delet.app */ = {isa = PBXFileReference; explicitFileType = wrapper.application; includeInIndex = 0; path = delet.app; sourceTree = BUILT_PRODUCTS_DIR; };
		63D2BF17248FA55800C461F5 /* AppDelegate.swift */ = {isa = PBXFileReference; lastKnownFileType = sourcecode.swift; path = AppDelegate.swift; sourceTree = "<group>"; };
		63D2BF19248FA55800C461F5 /* SceneDelegate.swift */ = {isa = PBXFileReference; lastKnownFileType = sourcecode.swift; path = SceneDelegate.swift; sourceTree = "<group>"; };
		63D2BF1B248FA55800C461F5 /* ViewController.swift */ = {isa = PBXFileReference; lastKnownFileType = sourcecode.swift; path = ViewController.swift; sourceTree = "<group>"; };
		63D2BF1E248FA55800C461F5 /* Base */ = {isa = PBXFileReference; lastKnownFileType = file.storyboard; name = Base; path = Base.lproj/Main.storyboard; sourceTree = "<group>"; };
		63D2BF21248FA55800C461F5 /* delet.xcdatamodel */ = {isa = PBXFileReference; lastKnownFileType = wrapper.xcdatamodel; path = delet.xcdatamodel; sourceTree = "<group>"; };
		63D2BF23248FA55900C461F5 /* Assets.xcassets */ = {isa = PBXFileReference; lastKnownFileType = folder.assetcatalog; path = Assets.xcassets; sourceTree = "<group>"; };
		63D2BF26248FA55900C461F5 /* Base */ = {isa = PBXFileReference; lastKnownFileType = file.storyboard; name = Base; path = Base.lproj/LaunchScreen.storyboard; sourceTree = "<group>"; };
		63D2BF28248FA55900C461F5 /* Info.plist */ = {isa = PBXFileReference; lastKnownFileType = text.plist.xml; path = Info.plist; sourceTree = "<group>"; };
/* End PBXFileReference section */

/* Begin PBXFrameworksBuildPhase section */
		63D2BF11248FA55800C461F5 /* Frameworks */ = {
			isa = PBXFrameworksBuildPhase;
			buildActionMask = 2147483647;
			files = (
			);
			runOnlyForDeploymentPostprocessing = 0;
		};
/* End PBXFrameworksBuildPhase section */

/* Begin PBXGroup section */
		63D2BF0B248FA55800C461F5 = {
			isa = PBXGroup;
			children = (
				63D2BF16248FA55800C461F5 /* delet */,
				63D2BF15248FA55800C461F5 /* Products */,
			);
			sourceTree = "<group>";
		};
		63D2BF15248FA55800C461F5 /* Products */ = {
			isa = PBXGroup;
			children = (
				63D2BF14248FA55800C461F5 /* delet.app */,
			);
			name = Products;
			sourceTree = "<group>";
		};
		63D2BF16248FA55800C461F5 /* delet */ = {
			isa = PBXGroup;
			children = (
				63D2BF17248FA55800C461F5 /* AppDelegate.swift */,
				63D2BF19248FA55800C461F5 /* SceneDelegate.swift */,
				63D2BF1B248FA55800C461F5 /* ViewController.swift */,
				63D2BF1D248FA55800C461F5 /* Main.storyboard */,
				63D2BF23248FA55900C461F5 /* Assets.xcassets */,
				63D2BF25248FA55900C461F5 /* LaunchScreen.storyboard */,
				63D2BF28248FA55900C461F5 /* Info.plist */,
				63D2BF20248FA55800C461F5 /* delet.xcdatamodeld */,
			);
			path = delet;
			sourceTree = "<group>";
		};
/* End PBXGroup section */

/* Begin PBXNativeTarget section */
		63D2BF13248FA55800C461F5 /* delet */ = {
			isa = PBXNativeTarget;
			buildConfigurationList = 63D2BF2B248FA55900C461F5 /* Build configuration list for PBXNativeTarget "delet" */;
			buildPhases = (
				63D2BF10248FA55800C461F5 /* Sources */,
				63D2BF11248FA55800C461F5 /* Frameworks */,
				63D2BF12248FA55800C461F5 /* Resources */,
			);
			buildRules = (
			);
			dependencies = (
			);
			name = delet;
			productName = delet;
			productReference = 63D2BF14248FA55800C461F5 /* delet.app */;
			productType = "com.apple.product-type.application";
		};
/* End PBXNativeTarget section */

/* Begin PBXProject section */
		63D2BF0C248FA55800C461F5 /* Project object */ = {
			isa = PBXProject;
			attributes = {
				LastSwiftUpdateCheck = 1130;
				LastUpgradeCheck = 1130;
				ORGANIZATIONNAME = "Айсен Шишигин";
				TargetAttributes = {
					63D2BF13248FA55800C461F5 = {
						CreatedOnToolsVersion = 11.3.1;
					};
				};
			};
			buildConfigurationList = 63D2BF0F248FA55800C461F5 /* Build configuration list for PBXProject "delet" */;
			compatibilityVersion = "Xcode 9.3";
			developmentRegion = en;
			hasScannedForEncodings = 0;
			knownRegions = (
				en,
				Base,
			);
			mainGroup = 63D2BF0B248FA55800C461F5;
			productRefGroup = 63D2BF15248FA55800C461F5 /* Products */;
			projectDirPath = "";
			projectRoot = "";
			targets = (
				63D2BF13248FA55800C461F5 /* delet */,
			);
		};
/* End PBXProject section */

/* Begin PBXResourcesBuildPhase section */
		63D2BF12248FA55800C461F5 /* Resources */ = {
			isa = PBXResourcesBuildPhase;
			buildActionMask = 2147483647;
			files = (
				63D2BF27248FA55900C461F5 /* LaunchScreen.storyboard in Resources */,
				63D2BF24248FA55900C461F5 /* Assets.xcassets in Resources */,
				63D2BF1F248FA55800C461F5 /* Main.storyboard in Resources */,
			);
			runOnlyForDeploymentPostprocessing = 0;
		};
/* End PBXResourcesBuildPhase section */

/* Begin PBXSourcesBuildPhase section */
		63D2BF10248FA55800C461F5 /* Sources */ = {
			isa = PBXSourcesBuildPhase;
			buildActionMask = 2147483647;
			files = (
				63D2BF22248FA55800C461F5 /* delet.xcdatamodeld in Sources */,
				63D2BF1C248FA55800C461F5 /* ViewController.swift in Sources */,
				63D2BF18248FA55800C461F5 /* AppDelegate.swift in Sources */,
				63D2BF1A248FA55800C461F5 /* SceneDelegate.swift in Sources */,
			);
			runOnlyForDeploymentPostprocessing = 0;
		};
/* End PBXSourcesBuildPhase section */

/* Begin PBXVariantGroup section */
		63D2BF1D248FA55800C461F5 /* Main.storyboard */ = {
			isa = PBXVariantGroup;
			children = (
				63D2BF1E248FA55800C461F5 /* Base */,
			);
			name = Main.storyboard;
			sourceTree = "<group>";
		};
		63D2BF25248FA55900C461F5 /* LaunchScreen.storyboard */ = {
			isa = PBXVariantGroup;
			children = (
				63D2BF26248FA55900C461F5 /* Base */,
			);
			name = LaunchScreen.storyboard;
			sourceTree = "<group>";
		};
/* End PBXVariantGroup section */

/* Begin XCBuildConfiguration section */
		63D2BF29248FA55900C461F5 /* Debug */ = {
			isa = XCBuildConfiguration;
			buildSettings = {
				ALWAYS_SEARCH_USER_PATHS = NO;
				CLANG_ANALYZER_NONNULL = YES;
				CLANG_ANALYZER_NUMBER_OBJECT_CONVERSION = YES_AGGRESSIVE;
				CLANG_CXX_LANGUAGE_STANDARD = "gnu++14";
				CLANG_CXX_LIBRARY = "libc++";
				CLANG_ENABLE_MODULES = YES;
				CLANG_ENABLE_OBJC_ARC = YES;
				CLANG_ENABLE_OBJC_WEAK = YES;
				CLANG_WARN_BLOCK_CAPTURE_AUTORELEASING = YES;
				CLANG_WARN_BOOL_CONVERSION = YES;
				CLANG_WARN_COMMA = YES;
				CLANG_WARN_CONSTANT_CONVERSION = YES;
				CLANG_WARN_DEPRECATED_OBJC_IMPLEMENTATIONS = YES;
				CLANG_WARN_DIRECT_OBJC_ISA_USAGE = YES_ERROR;
				CLANG_WARN_DOCUMENTATION_COMMENTS = YES;
				CLANG_WARN_EMPTY_BODY = YES;
				CLANG_WARN_ENUM_CONVERSION = YES;
				CLANG_WARN_INFINITE_RECURSION = YES;
				CLANG_WARN_INT_CONVERSION = YES;
				CLANG_WARN_NON_LITERAL_NULL_CONVERSION = YES;
				CLANG_WARN_OBJC_IMPLICIT_RETAIN_SELF = YES;
				CLANG_WARN_OBJC_LITERAL_CONVERSION = YES;
				CLANG_WARN_OBJC_ROOT_CLASS = YES_ERROR;
				CLANG_WARN_RANGE_LOOP_ANALYSIS = YES;
				CLANG_WARN_STRICT_PROTOTYPES = YES;
				CLANG_WARN_SUSPICIOUS_MOVE = YES;
				CLANG_WARN_UNGUARDED_AVAILABILITY = YES_AGGRESSIVE;
				CLANG_WARN_UNREACHABLE_CODE = YES;
				CLANG_WARN__DUPLICATE_METHOD_MATCH = YES;
				COPY_PHASE_STRIP = NO;
				DEBUG_INFORMATION_FORMAT = dwarf;
				ENABLE_STRICT_OBJC_MSGSEND = YES;
				ENABLE_TESTABILITY = YES;
				GCC_C_LANGUAGE_STANDARD = gnu11;
				GCC_DYNAMIC_NO_PIC = NO;
				GCC_NO_COMMON_BLOCKS = YES;
				GCC_OPTIMIZATION_LEVEL = 0;
				GCC_PREPROCESSOR_DEFINITIONS = (
					"DEBUG=1",
					"$(inherited)",
				);
				GCC_WARN_64_TO_32_BIT_CONVERSION = YES;
				GCC_WARN_ABOUT_RETURN_TYPE = YES_ERROR;
				GCC_WARN_UNDECLARED_SELECTOR = YES;
				GCC_WARN_UNINITIALIZED_AUTOS = YES_AGGRESSIVE;
				GCC_WARN_UNUSED_FUNCTION = YES;
				GCC_WARN_UNUSED_VARIABLE = YES;
				IPHONEOS_DEPLOYMENT_TARGET = 13.2;
				MTL_ENABLE_DEBUG_INFO = INCLUDE_SOURCE;
				MTL_FAST_MATH = YES;
				ONLY_ACTIVE_ARCH = YES;
				SDKROOT = iphoneos;
				SWIFT_ACTIVE_COMPILATION_CONDITIONS = DEBUG;
				SWIFT_OPTIMIZATION_LEVEL = "-Onone";
			};
			name = Debug;
		};
		63D2BF2A248FA55900C461F5 /* Release */ = {
			isa = XCBuildConfiguration;
			buildSettings = {
				ALWAYS_SEARCH_USER_PATHS = NO;
				CLANG_ANALYZER_NONNULL = YES;
				CLANG_ANALYZER_NUMBER_OBJECT_CONVERSION = YES_AGGRESSIVE;
				CLANG_CXX_LANGUAGE_STANDARD = "gnu++14";
				CLANG_CXX_LIBRARY = "libc++";
				CLANG_ENABLE_MODULES = YES;
				CLANG_ENABLE_OBJC_ARC = YES;
				CLANG_ENABLE_OBJC_WEAK = YES;
				CLANG_WARN_BLOCK_CAPTURE_AUTORELEASING = YES;
				CLANG_WARN_BOOL_CONVERSION = YES;
				CLANG_WARN_COMMA = YES;
				CLANG_WARN_CONSTANT_CONVERSION = YES;
				CLANG_WARN_DEPRECATED_OBJC_IMPLEMENTATIONS = YES;
				CLANG_WARN_DIRECT_OBJC_ISA_USAGE = YES_ERROR;
				CLANG_WARN_DOCUMENTATION_COMMENTS = YES;
				CLANG_WARN_EMPTY_BODY = YES;
				CLANG_WARN_ENUM_CONVERSION = YES;
				CLANG_WARN_INFINITE_RECURSION = YES;
				CLANG_WARN_INT_CONVERSION = YES;
				CLANG_WARN_NON_LITERAL_NULL_CONVERSION = YES;
				CLANG_WARN_OBJC_IMPLICIT_RETAIN_SELF = YES;
				CLANG_WARN_OBJC_LITERAL_CONVERSION = YES;
				CLANG_WARN_OBJC_ROOT_CLASS = YES_ERROR;
				CLANG_WARN_RANGE_LOOP_ANALYSIS = YES;
				CLANG_WARN_STRICT_PROTOTYPES = YES;
				CLANG_WARN_SUSPICIOUS_MOVE = YES;
				CLANG_WARN_UNGUARDED_AVAILABILITY = YES_AGGRESSIVE;
				CLANG_WARN_UNREACHABLE_CODE = YES;
				CLANG_WARN__DUPLICATE_METHOD_MATCH = YES;
				COPY_PHASE_STRIP = NO;
				DEBUG_INFORMATION_FORMAT = "dwarf-with-dsym";
				ENABLE_NS_ASSERTIONS = NO;
				ENABLE_STRICT_OBJC_MSGSEND = YES;
				GCC_C_LANGUAGE_STANDARD = gnu11;
				GCC_NO_COMMON_BLOCKS = YES;
				GCC_WARN_64_TO_32_BIT_CONVERSION = YES;
				GCC_WARN_ABOUT_RETURN_TYPE = YES_ERROR;
				GCC_WARN_UNDECLARED_SELECTOR = YES;
				GCC_WARN_UNINITIALIZED_AUTOS = YES_AGGRESSIVE;
				GCC_WARN_UNUSED_FUNCTION = YES;
				GCC_WARN_UNUSED_VARIABLE = YES;
				IPHONEOS_DEPLOYMENT_TARGET = 13.2;
				MTL_ENABLE_DEBUG_INFO = NO;
				MTL_FAST_MATH = YES;
				SDKROOT = iphoneos;
				SWIFT_COMPILATION_MODE = wholemodule;
				SWIFT_OPTIMIZATION_LEVEL = "-O";
				VALIDATE_PRODUCT = YES;
			};
			name = Release;
		};
		63D2BF2C248FA55900C461F5 /* Debug */ = {
			isa = XCBuildConfiguration;
			buildSettings = {
				ASSETCATALOG_COMPILER_APPICON_NAME = AppIcon;
				CODE_SIGN_STYLE = Automatic;
				INFOPLIST_FILE = delet/Info.plist;
				LD_RUNPATH_SEARCH_PATHS = (
					"$(inherited)",
					"@executable_path/Frameworks",
				);
				PRODUCT_BUNDLE_IDENTIFIER = com.appsite.delet;
				PRODUCT_NAME = "$(TARGET_NAME)";
				SWIFT_VERSION = 5.0;
				TARGETED_DEVICE_FAMILY = "1,2";
			};
			name = Debug;
		};
		63D2BF2D248FA55900C461F5 /* Release */ = {
			isa = XCBuildConfiguration;
			buildSettings = {
				ASSETCATALOG_COMPILER_APPICON_NAME = AppIcon;
				CODE_SIGN_STYLE = Automatic;
				INFOPLIST_FILE = delet/Info.plist;
				LD_RUNPATH_SEARCH_PATHS = (
					"$(inherited)",
					"@executable_path/Frameworks",
				);
				PRODUCT_BUNDLE_IDENTIFIER = com.appsite.delet;
				PRODUCT_NAME = "$(TARGET_NAME)";
				SWIFT_VERSION = 5.0;
				TARGETED_DEVICE_FAMILY = "1,2";
			};
			name = Release;
		};
/* End XCBuildConfiguration section */

/* Begin XCConfigurationList section */
		63D2BF0F248FA55800C461F5 /* Build configuration list for PBXProject "delet" */ = {
			isa = XCConfigurationList;
			buildConfigurations = (
				63D2BF29248FA55900C461F5 /* Debug */,
				63D2BF2A248FA55900C461F5 /* Release */,
			);
			defaultConfigurationIsVisible = 0;
			defaultConfigurationName = Release;
		};
		63D2BF2B248FA55900C461F5 /* Build configuration list for PBXNativeTarget "delet" */ = {
			isa = XCConfigurationList;
			buildConfigurations = (
				63D2BF2C248FA55900C461F5 /* Debug */,
				63D2BF2D248FA55900C461F5 /* Release */,
			);
			defaultConfigurationIsVisible = 0;
			defaultConfigurationName = Release;
		};
/* End XCConfigurationList section */

/* Begin XCVersionGroup section */
		63D2BF20248FA55800C461F5 /* delet.xcdatamodeld */ = {
			isa = XCVersionGroup;
			children = (
				63D2BF21248FA55800C461F5 /* delet.xcdatamodel */,
			);
			currentVersion = 63D2BF21248FA55800C461F5 /* delet.xcdatamodel */;
			path = delet.xcdatamodeld;
			sourceTree = "<group>";
			versionGroupType = wrapper.xcdatamodel;
		};
/* End XCVersionGroup section */
	};
	rootObject = 63D2BF0C248FA55800C461F5 /* Project object */;
}
