// !$*UTF8*$!
{
	archiveVersion = 1;
	classes = {
	};
	objectVersion = 50;
	objects = {

/* Begin PBXBuildFile section */
		63D2BF602490025C00C461F5 /* AppDelegate.swift in Sources */ = {isa = PBXBuildFile; fileRef = 63D2BF5F2490025C00C461F5 /* AppDelegate.swift */; };
		63D2BF622490025C00C461F5 /* SceneDelegate.swift in Sources */ = {isa = PBXBuildFile; fileRef = 63D2BF612490025C00C461F5 /* SceneDelegate.swift */; };
		63D2BF642490025C00C461F5 /* DetailViewController.swift in Sources */ = {isa = PBXBuildFile; fileRef = 63D2BF632490025C00C461F5 /* DetailViewController.swift */; };
		63D2BF672490025C00C461F5 /* Main.storyboard in Resources */ = {isa = PBXBuildFile; fileRef = 63D2BF652490025C00C461F5 /* Main.storyboard */; };
		63D2BF692490025D00C461F5 /* Assets.xcassets in Resources */ = {isa = PBXBuildFile; fileRef = 63D2BF682490025D00C461F5 /* Assets.xcassets */; };
		63D2BF6C2490025D00C461F5 /* LaunchScreen.storyboard in Resources */ = {isa = PBXBuildFile; fileRef = 63D2BF6A2490025D00C461F5 /* LaunchScreen.storyboard */; };
		63D2BF742490030F00C461F5 /* NewsListViewController.swift in Sources */ = {isa = PBXBuildFile; fileRef = 63D2BF732490030F00C461F5 /* NewsListViewController.swift */; };
		63D2BF762490033400C461F5 /* Cell.swift in Sources */ = {isa = PBXBuildFile; fileRef = 63D2BF752490033400C461F5 /* Cell.swift */; };
		63D2BF78249003FF00C461F5 /* ParserManager.swift in Sources */ = {isa = PBXBuildFile; fileRef = 63D2BF77249003FF00C461F5 /* ParserManager.swift */; };
/* End PBXBuildFile section */

/* Begin PBXFileReference section */
		63D2BF5C2490025C00C461F5 /* News.app */ = {isa = PBXFileReference; explicitFileType = wrapper.application; includeInIndex = 0; path = News.app; sourceTree = BUILT_PRODUCTS_DIR; };
		63D2BF5F2490025C00C461F5 /* AppDelegate.swift */ = {isa = PBXFileReference; lastKnownFileType = sourcecode.swift; path = AppDelegate.swift; sourceTree = "<group>"; };
		63D2BF612490025C00C461F5 /* SceneDelegate.swift */ = {isa = PBXFileReference; lastKnownFileType = sourcecode.swift; path = SceneDelegate.swift; sourceTree = "<group>"; };
		63D2BF632490025C00C461F5 /* DetailViewController.swift */ = {isa = PBXFileReference; lastKnownFileType = sourcecode.swift; path = DetailViewController.swift; sourceTree = "<group>"; };
		63D2BF662490025C00C461F5 /* Base */ = {isa = PBXFileReference; lastKnownFileType = file.storyboard; name = Base; path = Base.lproj/Main.storyboard; sourceTree = "<group>"; };
		63D2BF682490025D00C461F5 /* Assets.xcassets */ = {isa = PBXFileReference; lastKnownFileType = folder.assetcatalog; path = Assets.xcassets; sourceTree = "<group>"; };
		63D2BF6B2490025D00C461F5 /* Base */ = {isa = PBXFileReference; lastKnownFileType = file.storyboard; name = Base; path = Base.lproj/LaunchScreen.storyboard; sourceTree = "<group>"; };
		63D2BF6D2490025D00C461F5 /* Info.plist */ = {isa = PBXFileReference; lastKnownFileType = text.plist.xml; path = Info.plist; sourceTree = "<group>"; };
		63D2BF732490030F00C461F5 /* NewsListViewController.swift */ = {isa = PBXFileReference; lastKnownFileType = sourcecode.swift; path = NewsListViewController.swift; sourceTree = "<group>"; };
		63D2BF752490033400C461F5 /* Cell.swift */ = {isa = PBXFileReference; lastKnownFileType = sourcecode.swift; path = Cell.swift; sourceTree = "<group>"; };
		63D2BF77249003FF00C461F5 /* ParserManager.swift */ = {isa = PBXFileReference; lastKnownFileType = sourcecode.swift; path = ParserManager.swift; sourceTree = "<group>"; };
/* End PBXFileReference section */

/* Begin PBXFrameworksBuildPhase section */
		63D2BF592490025C00C461F5 /* Frameworks */ = {
			isa = PBXFrameworksBuildPhase;
			buildActionMask = 2147483647;
			files = (
			);
			runOnlyForDeploymentPostprocessing = 0;
		};
/* End PBXFrameworksBuildPhase section */

/* Begin PBXGroup section */
		63D2BF532490025C00C461F5 = {
			isa = PBXGroup;
			children = (
				63D2BF5E2490025C00C461F5 /* News */,
				63D2BF5D2490025C00C461F5 /* Products */,
			);
			sourceTree = "<group>";
		};
		63D2BF5D2490025C00C461F5 /* Products */ = {
			isa = PBXGroup;
			children = (
				63D2BF5C2490025C00C461F5 /* News.app */,
			);
			name = Products;
			sourceTree = "<group>";
		};
		63D2BF5E2490025C00C461F5 /* News */ = {
			isa = PBXGroup;
			children = (
				63D2BF5F2490025C00C461F5 /* AppDelegate.swift */,
				63D2BF612490025C00C461F5 /* SceneDelegate.swift */,
				63D2BF732490030F00C461F5 /* NewsListViewController.swift */,
				63D2BF77249003FF00C461F5 /* ParserManager.swift */,
				63D2BF632490025C00C461F5 /* DetailViewController.swift */,
				63D2BF752490033400C461F5 /* Cell.swift */,
				63D2BF652490025C00C461F5 /* Main.storyboard */,
				63D2BF682490025D00C461F5 /* Assets.xcassets */,
				63D2BF6A2490025D00C461F5 /* LaunchScreen.storyboard */,
				63D2BF6D2490025D00C461F5 /* Info.plist */,
			);
			path = News;
			sourceTree = "<group>";
		};
/* End PBXGroup section */

/* Begin PBXNativeTarget section */
		63D2BF5B2490025C00C461F5 /* News */ = {
			isa = PBXNativeTarget;
			buildConfigurationList = 63D2BF702490025D00C461F5 /* Build configuration list for PBXNativeTarget "News" */;
			buildPhases = (
				63D2BF582490025C00C461F5 /* Sources */,
				63D2BF592490025C00C461F5 /* Frameworks */,
				63D2BF5A2490025C00C461F5 /* Resources */,
			);
			buildRules = (
			);
			dependencies = (
			);
			name = News;
			productName = News;
			productReference = 63D2BF5C2490025C00C461F5 /* News.app */;
			productType = "com.apple.product-type.application";
		};
/* End PBXNativeTarget section */

/* Begin PBXProject section */
		63D2BF542490025C00C461F5 /* Project object */ = {
			isa = PBXProject;
			attributes = {
				LastSwiftUpdateCheck = 1130;
				LastUpgradeCheck = 1130;
				ORGANIZATIONNAME = "Айсен Шишигин";
				TargetAttributes = {
					63D2BF5B2490025C00C461F5 = {
						CreatedOnToolsVersion = 11.3.1;
					};
				};
			};
			buildConfigurationList = 63D2BF572490025C00C461F5 /* Build configuration list for PBXProject "News" */;
			compatibilityVersion = "Xcode 9.3";
			developmentRegion = en;
			hasScannedForEncodings = 0;
			knownRegions = (
				en,
				Base,
			);
			mainGroup = 63D2BF532490025C00C461F5;
			productRefGroup = 63D2BF5D2490025C00C461F5 /* Products */;
			projectDirPath = "";
			projectRoot = "";
			targets = (
				63D2BF5B2490025C00C461F5 /* News */,
			);
		};
/* End PBXProject section */

/* Begin PBXResourcesBuildPhase section */
		63D2BF5A2490025C00C461F5 /* Resources */ = {
			isa = PBXResourcesBuildPhase;
			buildActionMask = 2147483647;
			files = (
				63D2BF6C2490025D00C461F5 /* LaunchScreen.storyboard in Resources */,
				63D2BF692490025D00C461F5 /* Assets.xcassets in Resources */,
				63D2BF672490025C00C461F5 /* Main.storyboard in Resources */,
			);
			runOnlyForDeploymentPostprocessing = 0;
		};
/* End PBXResourcesBuildPhase section */

/* Begin PBXSourcesBuildPhase section */
		63D2BF582490025C00C461F5 /* Sources */ = {
			isa = PBXSourcesBuildPhase;
			buildActionMask = 2147483647;
			files = (
				63D2BF642490025C00C461F5 /* DetailViewController.swift in Sources */,
				63D2BF602490025C00C461F5 /* AppDelegate.swift in Sources */,
				63D2BF78249003FF00C461F5 /* ParserManager.swift in Sources */,
				63D2BF762490033400C461F5 /* Cell.swift in Sources */,
				63D2BF622490025C00C461F5 /* SceneDelegate.swift in Sources */,
				63D2BF742490030F00C461F5 /* NewsListViewController.swift in Sources */,
			);
			runOnlyForDeploymentPostprocessing = 0;
		};
/* End PBXSourcesBuildPhase section */

/* Begin PBXVariantGroup section */
		63D2BF652490025C00C461F5 /* Main.storyboard */ = {
			isa = PBXVariantGroup;
			children = (
				63D2BF662490025C00C461F5 /* Base */,
			);
			name = Main.storyboard;
			sourceTree = "<group>";
		};
		63D2BF6A2490025D00C461F5 /* LaunchScreen.storyboard */ = {
			isa = PBXVariantGroup;
			children = (
				63D2BF6B2490025D00C461F5 /* Base */,
			);
			name = LaunchScreen.storyboard;
			sourceTree = "<group>";
		};
/* End PBXVariantGroup section */

/* Begin XCBuildConfiguration section */
		63D2BF6E2490025D00C461F5 /* Debug */ = {
			isa = XCBuildConfiguration;
			buildSettings = {
				ALWAYS_SEARCH_USER_PATHS = NO;
				CLANG_ANALYZER_NONNULL = YES;
				CLANG_ANALYZER_NUMBER_OBJECT_CONVERSION = YES_AGGRESSIVE;
				CLANG_CXX_LANGUAGE_STANDARD = "gnu++14";
				CLANG_CXX_LIBRARY = "libc++";
				CLANG_ENABLE_MODULES = YES;
				CLANG_ENABLE_OBJC_ARC = YES;
				CLANG_ENABLE_OBJC_WEAK = YES;
				CLANG_WARN_BLOCK_CAPTURE_AUTORELEASING = YES;
				CLANG_WARN_BOOL_CONVERSION = YES;
				CLANG_WARN_COMMA = YES;
				CLANG_WARN_CONSTANT_CONVERSION = YES;
				CLANG_WARN_DEPRECATED_OBJC_IMPLEMENTATIONS = YES;
				CLANG_WARN_DIRECT_OBJC_ISA_USAGE = YES_ERROR;
				CLANG_WARN_DOCUMENTATION_COMMENTS = YES;
				CLANG_WARN_EMPTY_BODY = YES;
				CLANG_WARN_ENUM_CONVERSION = YES;
				CLANG_WARN_INFINITE_RECURSION = YES;
				CLANG_WARN_INT_CONVERSION = YES;
				CLANG_WARN_NON_LITERAL_NULL_CONVERSION = YES;
				CLANG_WARN_OBJC_IMPLICIT_RETAIN_SELF = YES;
				CLANG_WARN_OBJC_LITERAL_CONVERSION = YES;
				CLANG_WARN_OBJC_ROOT_CLASS = YES_ERROR;
				CLANG_WARN_RANGE_LOOP_ANALYSIS = YES;
				CLANG_WARN_STRICT_PROTOTYPES = YES;
				CLANG_WARN_SUSPICIOUS_MOVE = YES;
				CLANG_WARN_UNGUARDED_AVAILABILITY = YES_AGGRESSIVE;
				CLANG_WARN_UNREACHABLE_CODE = YES;
				CLANG_WARN__DUPLICATE_METHOD_MATCH = YES;
				COPY_PHASE_STRIP = NO;
				DEBUG_INFORMATION_FORMAT = dwarf;
				ENABLE_STRICT_OBJC_MSGSEND = YES;
				ENABLE_TESTABILITY = YES;
				GCC_C_LANGUAGE_STANDARD = gnu11;
				GCC_DYNAMIC_NO_PIC = NO;
				GCC_NO_COMMON_BLOCKS = YES;
				GCC_OPTIMIZATION_LEVEL = 0;
				GCC_PREPROCESSOR_DEFINITIONS = (
					"DEBUG=1",
					"$(inherited)",
				);
				GCC_WARN_64_TO_32_BIT_CONVERSION = YES;
				GCC_WARN_ABOUT_RETURN_TYPE = YES_ERROR;
				GCC_WARN_UNDECLARED_SELECTOR = YES;
				GCC_WARN_UNINITIALIZED_AUTOS = YES_AGGRESSIVE;
				GCC_WARN_UNUSED_FUNCTION = YES;
				GCC_WARN_UNUSED_VARIABLE = YES;
				IPHONEOS_DEPLOYMENT_TARGET = 13.2;
				MTL_ENABLE_DEBUG_INFO = INCLUDE_SOURCE;
				MTL_FAST_MATH = YES;
				ONLY_ACTIVE_ARCH = YES;
				SDKROOT = iphoneos;
				SWIFT_ACTIVE_COMPILATION_CONDITIONS = DEBUG;
				SWIFT_OPTIMIZATION_LEVEL = "-Onone";
			};
			name = Debug;
		};
		63D2BF6F2490025D00C461F5 /* Release */ = {
			isa = XCBuildConfiguration;
			buildSettings = {
				ALWAYS_SEARCH_USER_PATHS = NO;
				CLANG_ANALYZER_NONNULL = YES;
				CLANG_ANALYZER_NUMBER_OBJECT_CONVERSION = YES_AGGRESSIVE;
				CLANG_CXX_LANGUAGE_STANDARD = "gnu++14";
				CLANG_CXX_LIBRARY = "libc++";
				CLANG_ENABLE_MODULES = YES;
				CLANG_ENABLE_OBJC_ARC = YES;
				CLANG_ENABLE_OBJC_WEAK = YES;
				CLANG_WARN_BLOCK_CAPTURE_AUTORELEASING = YES;
				CLANG_WARN_BOOL_CONVERSION = YES;
				CLANG_WARN_COMMA = YES;
				CLANG_WARN_CONSTANT_CONVERSION = YES;
				CLANG_WARN_DEPRECATED_OBJC_IMPLEMENTATIONS = YES;
				CLANG_WARN_DIRECT_OBJC_ISA_USAGE = YES_ERROR;
				CLANG_WARN_DOCUMENTATION_COMMENTS = YES;
				CLANG_WARN_EMPTY_BODY = YES;
				CLANG_WARN_ENUM_CONVERSION = YES;
				CLANG_WARN_INFINITE_RECURSION = YES;
				CLANG_WARN_INT_CONVERSION = YES;
				CLANG_WARN_NON_LITERAL_NULL_CONVERSION = YES;
				CLANG_WARN_OBJC_IMPLICIT_RETAIN_SELF = YES;
				CLANG_WARN_OBJC_LITERAL_CONVERSION = YES;
				CLANG_WARN_OBJC_ROOT_CLASS = YES_ERROR;
				CLANG_WARN_RANGE_LOOP_ANALYSIS = YES;
				CLANG_WARN_STRICT_PROTOTYPES = YES;
				CLANG_WARN_SUSPICIOUS_MOVE = YES;
				CLANG_WARN_UNGUARDED_AVAILABILITY = YES_AGGRESSIVE;
				CLANG_WARN_UNREACHABLE_CODE = YES;
				CLANG_WARN__DUPLICATE_METHOD_MATCH = YES;
				COPY_PHASE_STRIP = NO;
				DEBUG_INFORMATION_FORMAT = "dwarf-with-dsym";
				ENABLE_NS_ASSERTIONS = NO;
				ENABLE_STRICT_OBJC_MSGSEND = YES;
				GCC_C_LANGUAGE_STANDARD = gnu11;
				GCC_NO_COMMON_BLOCKS = YES;
				GCC_WARN_64_TO_32_BIT_CONVERSION = YES;
				GCC_WARN_ABOUT_RETURN_TYPE = YES_ERROR;
				GCC_WARN_UNDECLARED_SELECTOR = YES;
				GCC_WARN_UNINITIALIZED_AUTOS = YES_AGGRESSIVE;
				GCC_WARN_UNUSED_FUNCTION = YES;
				GCC_WARN_UNUSED_VARIABLE = YES;
				IPHONEOS_DEPLOYMENT_TARGET = 13.2;
				MTL_ENABLE_DEBUG_INFO = NO;
				MTL_FAST_MATH = YES;
				SDKROOT = iphoneos;
				SWIFT_COMPILATION_MODE = wholemodule;
				SWIFT_OPTIMIZATION_LEVEL = "-O";
				VALIDATE_PRODUCT = YES;
			};
			name = Release;
		};
		63D2BF712490025D00C461F5 /* Debug */ = {
			isa = XCBuildConfiguration;
			buildSettings = {
				ASSETCATALOG_COMPILER_APPICON_NAME = AppIcon;
				CODE_SIGN_STYLE = Automatic;
				INFOPLIST_FILE = News/Info.plist;
				LD_RUNPATH_SEARCH_PATHS = (
					"$(inherited)",
					"@executable_path/Frameworks",
				);
				PRODUCT_BUNDLE_IDENTIFIER = com.appsite.News;
				PRODUCT_NAME = "$(TARGET_NAME)";
				SWIFT_VERSION = 5.0;
				TARGETED_DEVICE_FAMILY = "1,2";
			};
			name = Debug;
		};
		63D2BF722490025D00C461F5 /* Release */ = {
			isa = XCBuildConfiguration;
			buildSettings = {
				ASSETCATALOG_COMPILER_APPICON_NAME = AppIcon;
				CODE_SIGN_STYLE = Automatic;
				INFOPLIST_FILE = News/Info.plist;
				LD_RUNPATH_SEARCH_PATHS = (
					"$(inherited)",
					"@executable_path/Frameworks",
				);
				PRODUCT_BUNDLE_IDENTIFIER = com.appsite.News;
				PRODUCT_NAME = "$(TARGET_NAME)";
				SWIFT_VERSION = 5.0;
				TARGETED_DEVICE_FAMILY = "1,2";
			};
			name = Release;
		};
/* End XCBuildConfiguration section */

/* Begin XCConfigurationList section */
		63D2BF572490025C00C461F5 /* Build configuration list for PBXProject "News" */ = {
			isa = XCConfigurationList;
			buildConfigurations = (
				63D2BF6E2490025D00C461F5 /* Debug */,
				63D2BF6F2490025D00C461F5 /* Release */,
			);
			defaultConfigurationIsVisible = 0;
			defaultConfigurationName = Release;
		};
		63D2BF702490025D00C461F5 /* Build configuration list for PBXNativeTarget "News" */ = {
			isa = XCConfigurationList;
			buildConfigurations = (
				63D2BF712490025D00C461F5 /* Debug */,
				63D2BF722490025D00C461F5 /* Release */,
			);
			defaultConfigurationIsVisible = 0;
			defaultConfigurationName = Release;
		};
/* End XCConfigurationList section */
	};
	rootObject = 63D2BF542490025C00C461F5 /* Project object */;
}
